
Microsoft Visual Studio Solution File, Format Version 12.00
# Visual Studio 15
Project("{FAE04EC0-301F-11D3-BF4B-00C04F79EFBC}") = "S.O.L.I.D_CSharp", "S.O.L.I.D_CSharp\S.O.L.I.D_CSharp.csproj", "{61074CAD-13FD-41C4-BEF4-E876546D15CE}"
EndProject
Global
	GlobalSection(SolutionConfigurationPlatforms) = preSolution
		Debug|Any CPU = Debug|Any CPU
		Release|Any CPU = Release|Any CPU
	EndGlobalSection
	GlobalSection(ProjectConfigurationPlatforms) = postSolution
		{61074CAD-13FD-41C4-BEF4-E876546D15CE}.Debug|Any CPU.ActiveCfg = Debug|Any CPU
		{61074CAD-13FD-41C4-BEF4-E876546D15CE}.Debug|Any CPU.Build.0 = Debug|Any CPU
		{61074CAD-13FD-41C4-BEF4-E876546D15CE}.Release|Any CPU.ActiveCfg = Release|Any CPU
		{61074CAD-13FD-41C4-BEF4-E876546D15CE}.Release|Any CPU.Build.0 = Release|Any CPU
	EndGlobalSection
EndGlobal
